// !$*UTF8*$!
{
	archiveVersion = 1;
	classes = {
	};
	objectVersion = 50;
	objects = {

/* Begin PBXBuildFile section */
		F443FC50221ADE750035D8E4 /* AppDelegate.m in Sources */ = {isa = PBXBuildFile; fileRef = F443FC4F221ADE750035D8E4 /* AppDelegate.m */; };
		F443FC53221ADE750035D8E4 /* ViewController.m in Sources */ = {isa = PBXBuildFile; fileRef = F443FC52221ADE750035D8E4 /* ViewController.m */; };
		F443FC56221ADE750035D8E4 /* Main.storyboard in Resources */ = {isa = PBXBuildFile; fileRef = F443FC54221ADE750035D8E4 /* Main.storyboard */; };
		F443FC58221ADE7E0035D8E4 /* Assets.xcassets in Resources */ = {isa = PBXBuildFile; fileRef = F443FC57221ADE7E0035D8E4 /* Assets.xcassets */; };
		F443FC5B221ADE7E0035D8E4 /* LaunchScreen.storyboard in Resources */ = {isa = PBXBuildFile; fileRef = F443FC59221ADE7E0035D8E4 /* LaunchScreen.storyboard */; };
		F443FC5E221ADE7E0035D8E4 /* main.m in Sources */ = {isa = PBXBuildFile; fileRef = F443FC5D221ADE7E0035D8E4 /* main.m */; };
/* End PBXBuildFile section */

/* Begin PBXFileReference section */
		F443FC4B221ADE750035D8E4 /* need02.app */ = {isa = PBXFileReference; explicitFileType = wrapper.application; includeInIndex = 0; path = need02.app; sourceTree = BUILT_PRODUCTS_DIR; };
		F443FC4E221ADE750035D8E4 /* AppDelegate.h */ = {isa = PBXFileReference; lastKnownFileType = sourcecode.c.h; path = AppDelegate.h; sourceTree = "<group>"; };
		F443FC4F221ADE750035D8E4 /* AppDelegate.m */ = {isa = PBXFileReference; lastKnownFileType = sourcecode.c.objc; path = AppDelegate.m; sourceTree = "<group>"; };
		F443FC51221ADE750035D8E4 /* ViewController.h */ = {isa = PBXFileReference; lastKnownFileType = sourcecode.c.h; path = ViewController.h; sourceTree = "<group>"; };
		F443FC52221ADE750035D8E4 /* ViewController.m */ = {isa = PBXFileReference; lastKnownFileType = sourcecode.c.objc; path = ViewController.m; sourceTree = "<group>"; };
		F443FC55221ADE750035D8E4 /* Base */ = {isa = PBXFileReference; lastKnownFileType = file.storyboard; name = Base; path = Base.lproj/Main.storyboard; sourceTree = "<group>"; };
		F443FC57221ADE7E0035D8E4 /* Assets.xcassets */ = {isa = PBXFileReference; lastKnownFileType = folder.assetcatalog; path = Assets.xcassets; sourceTree = "<group>"; };
		F443FC5A221ADE7E0035D8E4 /* Base */ = {isa = PBXFileReference; lastKnownFileType = file.storyboard; name = Base; path = Base.lproj/LaunchScreen.storyboard; sourceTree = "<group>"; };
		F443FC5C221ADE7E0035D8E4 /* Info.plist */ = {isa = PBXFileReference; lastKnownFileType = text.plist.xml; path = Info.plist; sourceTree = "<group>"; };
		F443FC5D221ADE7E0035D8E4 /* main.m */ = {isa = PBXFileReference; lastKnownFileType = sourcecode.c.objc; path = main.m; sourceTree = "<group>"; };
/* End PBXFileReference section */

/* Begin PBXFrameworksBuildPhase section */
		F443FC48221ADE750035D8E4 /* Frameworks */ = {
			isa = PBXFrameworksBuildPhase;
			buildActionMask = 2147483647;
			files = (
			);
			runOnlyForDeploymentPostprocessing = 0;
		};
/* End PBXFrameworksBuildPhase section */

/* Begin PBXGroup section */
		F443FC42221ADE750035D8E4 = {
			isa = PBXGroup;
			children = (
				F443FC4D221ADE750035D8E4 /* need02 */,
				F443FC4C221ADE750035D8E4 /* Products */,
			);
			sourceTree = "<group>";
		};
		F443FC4C221ADE750035D8E4 /* Products */ = {
			isa = PBXGroup;
			children = (
				F443FC4B221ADE750035D8E4 /* need02.app */,
			);
			name = Products;
			sourceTree = "<group>";
		};
		F443FC4D221ADE750035D8E4 /* need02 */ = {
			isa = PBXGroup;
			children = (
				F443FC4E221ADE750035D8E4 /* AppDelegate.h */,
				F443FC4F221ADE750035D8E4 /* AppDelegate.m */,
				F443FC51221ADE750035D8E4 /* ViewController.h */,
				F443FC52221ADE750035D8E4 /* ViewController.m */,
				F443FC54221ADE750035D8E4 /* Main.storyboard */,
				F443FC57221ADE7E0035D8E4 /* Assets.xcassets */,
				F443FC59221ADE7E0035D8E4 /* LaunchScreen.storyboard */,
				F443FC5C221ADE7E0035D8E4 /* Info.plist */,
				F443FC5D221ADE7E0035D8E4 /* main.m */,
			);
			path = need02;
			sourceTree = "<group>";
		};
/* End PBXGroup section */

/* Begin PBXNativeTarget section */
		F443FC4A221ADE750035D8E4 /* need02 */ = {
			isa = PBXNativeTarget;
			buildConfigurationList = F443FC61221ADE7E0035D8E4 /* Build configuration list for PBXNativeTarget "need02" */;
			buildPhases = (
				F443FC47221ADE750035D8E4 /* Sources */,
				F443FC48221ADE750035D8E4 /* Frameworks */,
				F443FC49221ADE750035D8E4 /* Resources */,
			);
			buildRules = (
			);
			dependencies = (
			);
			name = need02;
			productName = need02;
			productReference = F443FC4B221ADE750035D8E4 /* need02.app */;
			productType = "com.apple.product-type.application";
		};
/* End PBXNativeTarget section */

/* Begin PBXProject section */
		F443FC43221ADE750035D8E4 /* Project object */ = {
			isa = PBXProject;
			attributes = {
				LastUpgradeCheck = 1010;
				ORGANIZATIONNAME = "朱会林";
				TargetAttributes = {
					F443FC4A221ADE750035D8E4 = {
						CreatedOnToolsVersion = 10.1;
					};
				};
			};
			buildConfigurationList = F443FC46221ADE750035D8E4 /* Build configuration list for PBXProject "need02" */;
			compatibilityVersion = "Xcode 9.3";
			developmentRegion = en;
			hasScannedForEncodings = 0;
			knownRegions = (
				en,
				Base,
			);
			mainGroup = F443FC42221ADE750035D8E4;
			productRefGroup = F443FC4C221ADE750035D8E4 /* Products */;
			projectDirPath = "";
			projectRoot = "";
			targets = (
				F443FC4A221ADE750035D8E4 /* need02 */,
			);
		};
/* End PBXProject section */

/* Begin PBXResourcesBuildPhase section */
		F443FC49221ADE750035D8E4 /* Resources */ = {
			isa = PBXResourcesBuildPhase;
			buildActionMask = 2147483647;
			files = (
				F443FC5B221ADE7E0035D8E4 /* LaunchScreen.storyboard in Resources */,
				F443FC58221ADE7E0035D8E4 /* Assets.xcassets in Resources */,
				F443FC56221ADE750035D8E4 /* Main.storyboard in Resources */,
			);
			runOnlyForDeploymentPostprocessing = 0;
		};
/* End PBXResourcesBuildPhase section */

/* Begin PBXSourcesBuildPhase section */
		F443FC47221ADE750035D8E4 /* Sources */ = {
			isa = PBXSourcesBuildPhase;
			buildActionMask = 2147483647;
			files = (
				F443FC53221ADE750035D8E4 /* ViewController.m in Sources */,
				F443FC5E221ADE7E0035D8E4 /* main.m in Sources */,
				F443FC50221ADE750035D8E4 /* AppDelegate.m in Sources */,
			);
			runOnlyForDeploymentPostprocessing = 0;
		};
/* End PBXSourcesBuildPhase section */

/* Begin PBXVariantGroup section */
		F443FC54221ADE750035D8E4 /* Main.storyboard */ = {
			isa = PBXVariantGroup;
			children = (
				F443FC55221ADE750035D8E4 /* Base */,
			);
			name = Main.storyboard;
			sourceTree = "<group>";
		};
		F443FC59221ADE7E0035D8E4 /* LaunchScreen.storyboard */ = {
			isa = PBXVariantGroup;
			children = (
				F443FC5A221ADE7E0035D8E4 /* Base */,
			);
			name = LaunchScreen.storyboard;
			sourceTree = "<group>";
		};
/* End PBXVariantGroup section */

/* Begin XCBuildConfiguration section */
		F443FC5F221ADE7E0035D8E4 /* Debug */ = {
			isa = XCBuildConfiguration;
			buildSettings = {
				ALWAYS_SEARCH_USER_PATHS = NO;
				CLANG_ANALYZER_NONNULL = YES;
				CLANG_ANALYZER_NUMBER_OBJECT_CONVERSION = YES_AGGRESSIVE;
				CLANG_CXX_LANGUAGE_STANDARD = "gnu++14";
				CLANG_CXX_LIBRARY = "libc++";
				CLANG_ENABLE_MODULES = YES;
				CLANG_ENABLE_OBJC_ARC = YES;
				CLANG_ENABLE_OBJC_WEAK = YES;
				CLANG_WARN_BLOCK_CAPTURE_AUTORELEASING = YES;
				CLANG_WARN_BOOL_CONVERSION = YES;
				CLANG_WARN_COMMA = YES;
				CLANG_WARN_CONSTANT_CONVERSION = YES;
				CLANG_WARN_DEPRECATED_OBJC_IMPLEMENTATIONS = YES;
				CLANG_WARN_DIRECT_OBJC_ISA_USAGE = YES_ERROR;
				CLANG_WARN_DOCUMENTATION_COMMENTS = YES;
				CLANG_WARN_EMPTY_BODY = YES;
				CLANG_WARN_ENUM_CONVERSION = YES;
				CLANG_WARN_INFINITE_RECURSION = YES;
				CLANG_WARN_INT_CONVERSION = YES;
				CLANG_WARN_NON_LITERAL_NULL_CONVERSION = YES;
				CLANG_WARN_OBJC_IMPLICIT_RETAIN_SELF = YES;
				CLANG_WARN_OBJC_LITERAL_CONVERSION = YES;
				CLANG_WARN_OBJC_ROOT_CLASS = YES_ERROR;
				CLANG_WARN_RANGE_LOOP_ANALYSIS = YES;
				CLANG_WARN_STRICT_PROTOTYPES = YES;
				CLANG_WARN_SUSPICIOUS_MOVE = YES;
				CLANG_WARN_UNGUARDED_AVAILABILITY = YES_AGGRESSIVE;
				CLANG_WARN_UNREACHABLE_CODE = YES;
				CLANG_WARN__DUPLICATE_METHOD_MATCH = YES;
				CODE_SIGN_IDENTITY = "iPhone Developer";
				COPY_PHASE_STRIP = NO;
				DEBUG_INFORMATION_FORMAT = dwarf;
				ENABLE_STRICT_OBJC_MSGSEND = YES;
				ENABLE_TESTABILITY = YES;
				GCC_C_LANGUAGE_STANDARD = gnu11;
				GCC_DYNAMIC_NO_PIC = NO;
				GCC_NO_COMMON_BLOCKS = YES;
				GCC_OPTIMIZATION_LEVEL = 0;
				GCC_PREPROCESSOR_DEFINITIONS = (
					"DEBUG=1",
					"$(inherited)",
				);
				GCC_WARN_64_TO_32_BIT_CONVERSION = YES;
				GCC_WARN_ABOUT_RETURN_TYPE = YES_ERROR;
				GCC_WARN_UNDECLARED_SELECTOR = YES;
				GCC_WARN_UNINITIALIZED_AUTOS = YES_AGGRESSIVE;
				GCC_WARN_UNUSED_FUNCTION = YES;
				GCC_WARN_UNUSED_VARIABLE = YES;
				IPHONEOS_DEPLOYMENT_TARGET = 12.1;
				MTL_ENABLE_DEBUG_INFO = INCLUDE_SOURCE;
				MTL_FAST_MATH = YES;
				ONLY_ACTIVE_ARCH = YES;
				SDKROOT = iphoneos;
			};
			name = Debug;
		};
		F443FC60221ADE7E0035D8E4 /* Release */ = {
			isa = XCBuildConfiguration;
			buildSettings = {
				ALWAYS_SEARCH_USER_PATHS = NO;
				CLANG_ANALYZER_NONNULL = YES;
				CLANG_ANALYZER_NUMBER_OBJECT_CONVERSION = YES_AGGRESSIVE;
				CLANG_CXX_LANGUAGE_STANDARD = "gnu++14";
				CLANG_CXX_LIBRARY = "libc++";
				CLANG_ENABLE_MODULES = YES;
				CLANG_ENABLE_OBJC_ARC = YES;
				CLANG_ENABLE_OBJC_WEAK = YES;
				CLANG_WARN_BLOCK_CAPTURE_AUTORELEASING = YES;
				CLANG_WARN_BOOL_CONVERSION = YES;
				CLANG_WARN_COMMA = YES;
				CLANG_WARN_CONSTANT_CONVERSION = YES;
				CLANG_WARN_DEPRECATED_OBJC_IMPLEMENTATIONS = YES;
				CLANG_WARN_DIRECT_OBJC_ISA_USAGE = YES_ERROR;
				CLANG_WARN_DOCUMENTATION_COMMENTS = YES;
				CLANG_WARN_EMPTY_BODY = YES;
				CLANG_WARN_ENUM_CONVERSION = YES;
				CLANG_WARN_INFINITE_RECURSION = YES;
				CLANG_WARN_INT_CONVERSION = YES;
				CLANG_WARN_NON_LITERAL_NULL_CONVERSION = YES;
				CLANG_WARN_OBJC_IMPLICIT_RETAIN_SELF = YES;
				CLANG_WARN_OBJC_LITERAL_CONVERSION = YES;
				CLANG_WARN_OBJC_ROOT_CLASS = YES_ERROR;
				CLANG_WARN_RANGE_LOOP_ANALYSIS = YES;
				CLANG_WARN_STRICT_PROTOTYPES = YES;
				CLANG_WARN_SUSPICIOUS_MOVE = YES;
				CLANG_WARN_UNGUARDED_AVAILABILITY = YES_AGGRESSIVE;
				CLANG_WARN_UNREACHABLE_CODE = YES;
				CLANG_WARN__DUPLICATE_METHOD_MATCH = YES;
				CODE_SIGN_IDENTITY = "iPhone Developer";
				COPY_PHASE_STRIP = NO;
				DEBUG_INFORMATION_FORMAT = "dwarf-with-dsym";
				ENABLE_NS_ASSERTIONS = NO;
				ENABLE_STRICT_OBJC_MSGSEND = YES;
				GCC_C_LANGUAGE_STANDARD = gnu11;
				GCC_NO_COMMON_BLOCKS = YES;
				GCC_WARN_64_TO_32_BIT_CONVERSION = YES;
				GCC_WARN_ABOUT_RETURN_TYPE = YES_ERROR;
				GCC_WARN_UNDECLARED_SELECTOR = YES;
				GCC_WARN_UNINITIALIZED_AUTOS = YES_AGGRESSIVE;
				GCC_WARN_UNUSED_FUNCTION = YES;
				GCC_WARN_UNUSED_VARIABLE = YES;
				IPHONEOS_DEPLOYMENT_TARGET = 12.1;
				MTL_ENABLE_DEBUG_INFO = NO;
				MTL_FAST_MATH = YES;
				SDKROOT = iphoneos;
				VALIDATE_PRODUCT = YES;
			};
			name = Release;
		};
		F443FC62221ADE7E0035D8E4 /* Debug */ = {
			isa = XCBuildConfiguration;
			buildSettings = {
				ASSETCATALOG_COMPILER_APPICON_NAME = AppIcon;
				CODE_SIGN_STYLE = Automatic;
				INFOPLIST_FILE = need02/Info.plist;
				LD_RUNPATH_SEARCH_PATHS = (
					"$(inherited)",
					"@executable_path/Frameworks",
				);
				PRODUCT_BUNDLE_IDENTIFIER = com.gh.need02;
				PRODUCT_NAME = "$(TARGET_NAME)";
				TARGETED_DEVICE_FAMILY = "1,2";
			};
			name = Debug;
		};
		F443FC63221ADE7E0035D8E4 /* Release */ = {
			isa = XCBuildConfiguration;
			buildSettings = {
				ASSETCATALOG_COMPILER_APPICON_NAME = AppIcon;
				CODE_SIGN_STYLE = Automatic;
				INFOPLIST_FILE = need02/Info.plist;
				LD_RUNPATH_SEARCH_PATHS = (
					"$(inherited)",
					"@executable_path/Frameworks",
				);
				PRODUCT_BUNDLE_IDENTIFIER = com.gh.need02;
				PRODUCT_NAME = "$(TARGET_NAME)";
				TARGETED_DEVICE_FAMILY = "1,2";
			};
			name = Release;
		};
/* End XCBuildConfiguration section */

/* Begin XCConfigurationList section */
		F443FC46221ADE750035D8E4 /* Build configuration list for PBXProject "need02" */ = {
			isa = XCConfigurationList;
			buildConfigurations = (
				F443FC5F221ADE7E0035D8E4 /* Debug */,
				F443FC60221ADE7E0035D8E4 /* Release */,
			);
			defaultConfigurationIsVisible = 0;
			defaultConfigurationName = Release;
		};
		F443FC61221ADE7E0035D8E4 /* Build configuration list for PBXNativeTarget "need02" */ = {
			isa = XCConfigurationList;
			buildConfigurations = (
				F443FC62221ADE7E0035D8E4 /* Debug */,
				F443FC63221ADE7E0035D8E4 /* Release */,
			);
			defaultConfigurationIsVisible = 0;
			defaultConfigurationName = Release;
		};
/* End XCConfigurationList section */
	};
	rootObject = F443FC43221ADE750035D8E4 /* Project object */;
}
